
Microsoft Visual Studio Solution File, Format Version 12.00
# Visual Studio Version 16
VisualStudioVersion = 16.0.32630.194
MinimumVisualStudioVersion = 10.0.40219.1
Project("{FAE04EC0-301F-11D3-BF4B-00C04F79EFBC}") = "Twittap", "Twittap.csproj", "{A9596E6C-AD0B-40EE-86EC-35116453830C}"
EndProject
Global
	GlobalSection(SolutionConfigurationPlatforms) = preSolution
		Debug|Any CPU = Debug|Any CPU
		Release|Any CPU = Release|Any CPU
	EndGlobalSection
	GlobalSection(ProjectConfigurationPlatforms) = postSolution
		{A9596E6C-AD0B-40EE-86EC-35116453830C}.Debug|Any CPU.ActiveCfg = Debug|Any CPU
		{A9596E6C-AD0B-40EE-86EC-35116453830C}.Debug|Any CPU.Build.0 = Debug|Any CPU
		{A9596E6C-AD0B-40EE-86EC-35116453830C}.Release|Any CPU.ActiveCfg = Release|Any CPU
		{A9596E6C-AD0B-40EE-86EC-35116453830C}.Release|Any CPU.Build.0 = Release|Any CPU
	EndGlobalSection
	GlobalSection(SolutionProperties) = preSolution
		HideSolutionNode = FALSE
	EndGlobalSection
	GlobalSection(ExtensibilityGlobals) = postSolution
		SolutionGuid = {443D9001-C5AF-473F-BC74-DE19B3A8D503}
	EndGlobalSection
EndGlobal
